
Microsoft Visual Studio Solution File, Format Version 12.00
# Visual Studio Version 16
VisualStudioVersion = 16.0.31321.278
MinimumVisualStudioVersion = 10.0.40219.1
Project("{FAE04EC0-301F-11D3-BF4B-00C04F79EFBC}") = "ConsoleApp2", "ConsoleApp2\ConsoleApp2.csproj", "{D9A04A7B-E03F-4B18-AD2A-B5DC489358FD}"
EndProject
Global
	GlobalSection(SolutionConfigurationPlatforms) = preSolution
		Debug|Any CPU = Debug|Any CPU
		Release|Any CPU = Release|Any CPU
	EndGlobalSection
	GlobalSection(ProjectConfigurationPlatforms) = postSolution
		{D9A04A7B-E03F-4B18-AD2A-B5DC489358FD}.Debug|Any CPU.ActiveCfg = Debug|Any CPU
		{D9A04A7B-E03F-4B18-AD2A-B5DC489358FD}.Debug|Any CPU.Build.0 = Debug|Any CPU
		{D9A04A7B-E03F-4B18-AD2A-B5DC489358FD}.Release|Any CPU.ActiveCfg = Release|Any CPU
		{D9A04A7B-E03F-4B18-AD2A-B5DC489358FD}.Release|Any CPU.Build.0 = Release|Any CPU
	EndGlobalSection
	GlobalSection(SolutionProperties) = preSolution
		HideSolutionNode = FALSE
	EndGlobalSection
	GlobalSection(ExtensibilityGlobals) = postSolution
		SolutionGuid = {67AA7298-AA3B-41A3-8B34-32FA0B6A1A7B}
	EndGlobalSection
EndGlobal
